
Microsoft Visual Studio Solution File, Format Version 12.00
# Visual Studio Version 17
VisualStudioVersion = 17.13.35818.85
MinimumVisualStudioVersion = 10.0.40219.1
Project("{2150E333-8FDC-42A3-9474-1A3956D46DE8}") = "aspire", "aspire", "{02EA681E-C7D8-13C7-8484-4AC65E1B71E8}"
EndProject
Project("{2150E333-8FDC-42A3-9474-1A3956D46DE8}") = "services", "services", "{F2840305-479F-4B2D-985F-0DD61BBA9BFF}"
EndProject
Project("{2150E333-8FDC-42A3-9474-1A3956D46DE8}") = "fronted", "fronted", "{63AACF30-8B29-405D-95F1-90837DA7F0D5}"
EndProject
Project("{FAE04EC0-301F-11D3-BF4B-00C04F79EFBC}") = "AppHost", "AppHost\AppHost.csproj", "{B6539478-8602-46DE-9985-834F24914AC5}"
EndProject
Project("{FAE04EC0-301F-11D3-BF4B-00C04F79EFBC}") = "ServiceDefaults", "ServiceDefaults\ServiceDefaults.csproj", "{457C3C18-E80B-4D07-BADA-2062FFD3372E}"
EndProject
Project("{FAE04EC0-301F-11D3-BF4B-00C04F79EFBC}") = "Catalog", "Catalog\Catalog.csproj", "{C4F761E8-674E-7804-3E8F-374E41B75BE9}"
EndProject
Project("{FAE04EC0-301F-11D3-BF4B-00C04F79EFBC}") = "Basket", "Basket\Basket.csproj", "{11C93E6E-64C1-2C2D-B301-852C7CCA6F88}"
EndProject
Project("{FAE04EC0-301F-11D3-BF4B-00C04F79EFBC}") = "WebApp", "WebApp\WebApp.csproj", "{3215F6CF-A442-1C21-6AD3-94ED23F4EBA5}"
EndProject
Global
	GlobalSection(SolutionConfigurationPlatforms) = preSolution
		Debug|Any CPU = Debug|Any CPU
		Release|Any CPU = Release|Any CPU
	EndGlobalSection
	GlobalSection(ProjectConfigurationPlatforms) = postSolution
		{B6539478-8602-46DE-9985-834F24914AC5}.Debug|Any CPU.ActiveCfg = Debug|Any CPU
		{B6539478-8602-46DE-9985-834F24914AC5}.Debug|Any CPU.Build.0 = Debug|Any CPU
		{B6539478-8602-46DE-9985-834F24914AC5}.Release|Any CPU.ActiveCfg = Release|Any CPU
		{B6539478-8602-46DE-9985-834F24914AC5}.Release|Any CPU.Build.0 = Release|Any CPU
		{457C3C18-E80B-4D07-BADA-2062FFD3372E}.Debug|Any CPU.ActiveCfg = Debug|Any CPU
		{457C3C18-E80B-4D07-BADA-2062FFD3372E}.Debug|Any CPU.Build.0 = Debug|Any CPU
		{457C3C18-E80B-4D07-BADA-2062FFD3372E}.Release|Any CPU.ActiveCfg = Release|Any CPU
		{457C3C18-E80B-4D07-BADA-2062FFD3372E}.Release|Any CPU.Build.0 = Release|Any CPU
		{C4F761E8-674E-7804-3E8F-374E41B75BE9}.Debug|Any CPU.ActiveCfg = Debug|Any CPU
		{C4F761E8-674E-7804-3E8F-374E41B75BE9}.Debug|Any CPU.Build.0 = Debug|Any CPU
		{C4F761E8-674E-7804-3E8F-374E41B75BE9}.Release|Any CPU.ActiveCfg = Release|Any CPU
		{C4F761E8-674E-7804-3E8F-374E41B75BE9}.Release|Any CPU.Build.0 = Release|Any CPU
		{11C93E6E-64C1-2C2D-B301-852C7CCA6F88}.Debug|Any CPU.ActiveCfg = Debug|Any CPU
		{11C93E6E-64C1-2C2D-B301-852C7CCA6F88}.Debug|Any CPU.Build.0 = Debug|Any CPU
		{11C93E6E-64C1-2C2D-B301-852C7CCA6F88}.Release|Any CPU.ActiveCfg = Release|Any CPU
		{11C93E6E-64C1-2C2D-B301-852C7CCA6F88}.Release|Any CPU.Build.0 = Release|Any CPU
		{3215F6CF-A442-1C21-6AD3-94ED23F4EBA5}.Debug|Any CPU.ActiveCfg = Debug|Any CPU
		{3215F6CF-A442-1C21-6AD3-94ED23F4EBA5}.Debug|Any CPU.Build.0 = Debug|Any CPU
		{3215F6CF-A442-1C21-6AD3-94ED23F4EBA5}.Release|Any CPU.ActiveCfg = Release|Any CPU
		{3215F6CF-A442-1C21-6AD3-94ED23F4EBA5}.Release|Any CPU.Build.0 = Release|Any CPU
	EndGlobalSection
	GlobalSection(SolutionProperties) = preSolution
		HideSolutionNode = FALSE
	EndGlobalSection
	GlobalSection(NestedProjects) = preSolution
		{B6539478-8602-46DE-9985-834F24914AC5} = {02EA681E-C7D8-13C7-8484-4AC65E1B71E8}
		{457C3C18-E80B-4D07-BADA-2062FFD3372E} = {02EA681E-C7D8-13C7-8484-4AC65E1B71E8}
		{C4F761E8-674E-7804-3E8F-374E41B75BE9} = {F2840305-479F-4B2D-985F-0DD61BBA9BFF}
		{11C93E6E-64C1-2C2D-B301-852C7CCA6F88} = {F2840305-479F-4B2D-985F-0DD61BBA9BFF}
		{3215F6CF-A442-1C21-6AD3-94ED23F4EBA5} = {63AACF30-8B29-405D-95F1-90837DA7F0D5}
	EndGlobalSection
	GlobalSection(ExtensibilityGlobals) = postSolution
		SolutionGuid = {E4003AC4-DFD2-4816-A5C6-6F07F4851598}
	EndGlobalSection
EndGlobal
